// !$*UTF8*$!
{
	archiveVersion = 1;
	classes = {
	};
	objectVersion = 50;
	objects = {

/* Begin PBXBuildFile section */
		B444D2CE24920EA4000D6364 /* AppDelegate.m in Sources */ = {isa = PBXBuildFile; fileRef = B444D2CD24920EA4000D6364 /* AppDelegate.m */; };
		B444D2D124920EA4000D6364 /* SceneDelegate.m in Sources */ = {isa = PBXBuildFile; fileRef = B444D2D024920EA4000D6364 /* SceneDelegate.m */; };
		B444D2D424920EA4000D6364 /* ViewController.m in Sources */ = {isa = PBXBuildFile; fileRef = B444D2D324920EA4000D6364 /* ViewController.m */; };
		B444D2D724920EA4000D6364 /* Main.storyboard in Resources */ = {isa = PBXBuildFile; fileRef = B444D2D524920EA4000D6364 /* Main.storyboard */; };
		B444D2D924920EA6000D6364 /* Assets.xcassets in Resources */ = {isa = PBXBuildFile; fileRef = B444D2D824920EA6000D6364 /* Assets.xcassets */; };
		B444D2DC24920EA6000D6364 /* LaunchScreen.storyboard in Resources */ = {isa = PBXBuildFile; fileRef = B444D2DA24920EA6000D6364 /* LaunchScreen.storyboard */; };
		B444D2DF24920EA6000D6364 /* main.m in Sources */ = {isa = PBXBuildFile; fileRef = B444D2DE24920EA6000D6364 /* main.m */; };
		B444D2E924920EA6000D6364 /* IndexTableTests.m in Sources */ = {isa = PBXBuildFile; fileRef = B444D2E824920EA6000D6364 /* IndexTableTests.m */; };
		B444D2F424920EA6000D6364 /* IndexTableUITests.m in Sources */ = {isa = PBXBuildFile; fileRef = B444D2F324920EA6000D6364 /* IndexTableUITests.m */; };
		B444D30224920F0B000D6364 /* team_dictionary.plist in Resources */ = {isa = PBXBuildFile; fileRef = B444D30124920F0A000D6364 /* team_dictionary.plist */; };
/* End PBXBuildFile section */

/* Begin PBXContainerItemProxy section */
		B444D2E524920EA6000D6364 /* PBXContainerItemProxy */ = {
			isa = PBXContainerItemProxy;
			containerPortal = B444D2C124920EA4000D6364 /* Project object */;
			proxyType = 1;
			remoteGlobalIDString = B444D2C824920EA4000D6364;
			remoteInfo = IndexTable;
		};
		B444D2F024920EA6000D6364 /* PBXContainerItemProxy */ = {
			isa = PBXContainerItemProxy;
			containerPortal = B444D2C124920EA4000D6364 /* Project object */;
			proxyType = 1;
			remoteGlobalIDString = B444D2C824920EA4000D6364;
			remoteInfo = IndexTable;
		};
/* End PBXContainerItemProxy section */

/* Begin PBXFileReference section */
		B444D2C924920EA4000D6364 /* IndexTable.app */ = {isa = PBXFileReference; explicitFileType = wrapper.application; includeInIndex = 0; path = IndexTable.app; sourceTree = BUILT_PRODUCTS_DIR; };
		B444D2CC24920EA4000D6364 /* AppDelegate.h */ = {isa = PBXFileReference; lastKnownFileType = sourcecode.c.h; path = AppDelegate.h; sourceTree = "<group>"; };
		B444D2CD24920EA4000D6364 /* AppDelegate.m */ = {isa = PBXFileReference; lastKnownFileType = sourcecode.c.objc; path = AppDelegate.m; sourceTree = "<group>"; };
		B444D2CF24920EA4000D6364 /* SceneDelegate.h */ = {isa = PBXFileReference; lastKnownFileType = sourcecode.c.h; path = SceneDelegate.h; sourceTree = "<group>"; };
		B444D2D024920EA4000D6364 /* SceneDelegate.m */ = {isa = PBXFileReference; lastKnownFileType = sourcecode.c.objc; path = SceneDelegate.m; sourceTree = "<group>"; };
		B444D2D224920EA4000D6364 /* ViewController.h */ = {isa = PBXFileReference; lastKnownFileType = sourcecode.c.h; path = ViewController.h; sourceTree = "<group>"; };
		B444D2D324920EA4000D6364 /* ViewController.m */ = {isa = PBXFileReference; lastKnownFileType = sourcecode.c.objc; path = ViewController.m; sourceTree = "<group>"; };
		B444D2D624920EA4000D6364 /* Base */ = {isa = PBXFileReference; lastKnownFileType = file.storyboard; name = Base; path = Base.lproj/Main.storyboard; sourceTree = "<group>"; };
		B444D2D824920EA6000D6364 /* Assets.xcassets */ = {isa = PBXFileReference; lastKnownFileType = folder.assetcatalog; path = Assets.xcassets; sourceTree = "<group>"; };
		B444D2DB24920EA6000D6364 /* Base */ = {isa = PBXFileReference; lastKnownFileType = file.storyboard; name = Base; path = Base.lproj/LaunchScreen.storyboard; sourceTree = "<group>"; };
		B444D2DD24920EA6000D6364 /* Info.plist */ = {isa = PBXFileReference; lastKnownFileType = text.plist.xml; path = Info.plist; sourceTree = "<group>"; };
		B444D2DE24920EA6000D6364 /* main.m */ = {isa = PBXFileReference; lastKnownFileType = sourcecode.c.objc; path = main.m; sourceTree = "<group>"; };
		B444D2E424920EA6000D6364 /* IndexTableTests.xctest */ = {isa = PBXFileReference; explicitFileType = wrapper.cfbundle; includeInIndex = 0; path = IndexTableTests.xctest; sourceTree = BUILT_PRODUCTS_DIR; };
		B444D2E824920EA6000D6364 /* IndexTableTests.m */ = {isa = PBXFileReference; lastKnownFileType = sourcecode.c.objc; path = IndexTableTests.m; sourceTree = "<group>"; };
		B444D2EA24920EA6000D6364 /* Info.plist */ = {isa = PBXFileReference; lastKnownFileType = text.plist.xml; path = Info.plist; sourceTree = "<group>"; };
		B444D2EF24920EA6000D6364 /* IndexTableUITests.xctest */ = {isa = PBXFileReference; explicitFileType = wrapper.cfbundle; includeInIndex = 0; path = IndexTableUITests.xctest; sourceTree = BUILT_PRODUCTS_DIR; };
		B444D2F324920EA6000D6364 /* IndexTableUITests.m */ = {isa = PBXFileReference; lastKnownFileType = sourcecode.c.objc; path = IndexTableUITests.m; sourceTree = "<group>"; };
		B444D2F524920EA6000D6364 /* Info.plist */ = {isa = PBXFileReference; lastKnownFileType = text.plist.xml; path = Info.plist; sourceTree = "<group>"; };
		B444D30124920F0A000D6364 /* team_dictionary.plist */ = {isa = PBXFileReference; fileEncoding = 4; lastKnownFileType = text.plist.xml; path = team_dictionary.plist; sourceTree = "<group>"; };
/* End PBXFileReference section */

/* Begin PBXFrameworksBuildPhase section */
		B444D2C624920EA4000D6364 /* Frameworks */ = {
			isa = PBXFrameworksBuildPhase;
			buildActionMask = 2147483647;
			files = (
			);
			runOnlyForDeploymentPostprocessing = 0;
		};
		B444D2E124920EA6000D6364 /* Frameworks */ = {
			isa = PBXFrameworksBuildPhase;
			buildActionMask = 2147483647;
			files = (
			);
			runOnlyForDeploymentPostprocessing = 0;
		};
		B444D2EC24920EA6000D6364 /* Frameworks */ = {
			isa = PBXFrameworksBuildPhase;
			buildActionMask = 2147483647;
			files = (
			);
			runOnlyForDeploymentPostprocessing = 0;
		};
/* End PBXFrameworksBuildPhase section */

/* Begin PBXGroup section */
		B444D2C024920EA4000D6364 = {
			isa = PBXGroup;
			children = (
				B444D30124920F0A000D6364 /* team_dictionary.plist */,
				B444D2CB24920EA4000D6364 /* IndexTable */,
				B444D2E724920EA6000D6364 /* IndexTableTests */,
				B444D2F224920EA6000D6364 /* IndexTableUITests */,
				B444D2CA24920EA4000D6364 /* Products */,
			);
			sourceTree = "<group>";
		};
		B444D2CA24920EA4000D6364 /* Products */ = {
			isa = PBXGroup;
			children = (
				B444D2C924920EA4000D6364 /* IndexTable.app */,
				B444D2E424920EA6000D6364 /* IndexTableTests.xctest */,
				B444D2EF24920EA6000D6364 /* IndexTableUITests.xctest */,
			);
			name = Products;
			sourceTree = "<group>";
		};
		B444D2CB24920EA4000D6364 /* IndexTable */ = {
			isa = PBXGroup;
			children = (
				B444D2CC24920EA4000D6364 /* AppDelegate.h */,
				B444D2CD24920EA4000D6364 /* AppDelegate.m */,
				B444D2CF24920EA4000D6364 /* SceneDelegate.h */,
				B444D2D024920EA4000D6364 /* SceneDelegate.m */,
				B444D2D224920EA4000D6364 /* ViewController.h */,
				B444D2D324920EA4000D6364 /* ViewController.m */,
				B444D2D524920EA4000D6364 /* Main.storyboard */,
				B444D2D824920EA6000D6364 /* Assets.xcassets */,
				B444D2DA24920EA6000D6364 /* LaunchScreen.storyboard */,
				B444D2DD24920EA6000D6364 /* Info.plist */,
				B444D2DE24920EA6000D6364 /* main.m */,
			);
			path = IndexTable;
			sourceTree = "<group>";
		};
		B444D2E724920EA6000D6364 /* IndexTableTests */ = {
			isa = PBXGroup;
			children = (
				B444D2E824920EA6000D6364 /* IndexTableTests.m */,
				B444D2EA24920EA6000D6364 /* Info.plist */,
			);
			path = IndexTableTests;
			sourceTree = "<group>";
		};
		B444D2F224920EA6000D6364 /* IndexTableUITests */ = {
			isa = PBXGroup;
			children = (
				B444D2F324920EA6000D6364 /* IndexTableUITests.m */,
				B444D2F524920EA6000D6364 /* Info.plist */,
			);
			path = IndexTableUITests;
			sourceTree = "<group>";
		};
/* End PBXGroup section */

/* Begin PBXNativeTarget section */
		B444D2C824920EA4000D6364 /* IndexTable */ = {
			isa = PBXNativeTarget;
			buildConfigurationList = B444D2F824920EA6000D6364 /* Build configuration list for PBXNativeTarget "IndexTable" */;
			buildPhases = (
				B444D2C524920EA4000D6364 /* Sources */,
				B444D2C624920EA4000D6364 /* Frameworks */,
				B444D2C724920EA4000D6364 /* Resources */,
			);
			buildRules = (
			);
			dependencies = (
			);
			name = IndexTable;
			productName = IndexTable;
			productReference = B444D2C924920EA4000D6364 /* IndexTable.app */;
			productType = "com.apple.product-type.application";
		};
		B444D2E324920EA6000D6364 /* IndexTableTests */ = {
			isa = PBXNativeTarget;
			buildConfigurationList = B444D2FB24920EA6000D6364 /* Build configuration list for PBXNativeTarget "IndexTableTests" */;
			buildPhases = (
				B444D2E024920EA6000D6364 /* Sources */,
				B444D2E124920EA6000D6364 /* Frameworks */,
				B444D2E224920EA6000D6364 /* Resources */,
			);
			buildRules = (
			);
			dependencies = (
				B444D2E624920EA6000D6364 /* PBXTargetDependency */,
			);
			name = IndexTableTests;
			productName = IndexTableTests;
			productReference = B444D2E424920EA6000D6364 /* IndexTableTests.xctest */;
			productType = "com.apple.product-type.bundle.unit-test";
		};
		B444D2EE24920EA6000D6364 /* IndexTableUITests */ = {
			isa = PBXNativeTarget;
			buildConfigurationList = B444D2FE24920EA6000D6364 /* Build configuration list for PBXNativeTarget "IndexTableUITests" */;
			buildPhases = (
				B444D2EB24920EA6000D6364 /* Sources */,
				B444D2EC24920EA6000D6364 /* Frameworks */,
				B444D2ED24920EA6000D6364 /* Resources */,
			);
			buildRules = (
			);
			dependencies = (
				B444D2F124920EA6000D6364 /* PBXTargetDependency */,
			);
			name = IndexTableUITests;
			productName = IndexTableUITests;
			productReference = B444D2EF24920EA6000D6364 /* IndexTableUITests.xctest */;
			productType = "com.apple.product-type.bundle.ui-testing";
		};
/* End PBXNativeTarget section */

/* Begin PBXProject section */
		B444D2C124920EA4000D6364 /* Project object */ = {
			isa = PBXProject;
			attributes = {
				LastUpgradeCheck = 1150;
				ORGANIZATIONNAME = professordeng;
				TargetAttributes = {
					B444D2C824920EA4000D6364 = {
						CreatedOnToolsVersion = 11.5;
					};
					B444D2E324920EA6000D6364 = {
						CreatedOnToolsVersion = 11.5;
						TestTargetID = B444D2C824920EA4000D6364;
					};
					B444D2EE24920EA6000D6364 = {
						CreatedOnToolsVersion = 11.5;
						TestTargetID = B444D2C824920EA4000D6364;
					};
				};
			};
			buildConfigurationList = B444D2C424920EA4000D6364 /* Build configuration list for PBXProject "IndexTable" */;
			compatibilityVersion = "Xcode 9.3";
			developmentRegion = en;
			hasScannedForEncodings = 0;
			knownRegions = (
				en,
				Base,
			);
			mainGroup = B444D2C024920EA4000D6364;
			productRefGroup = B444D2CA24920EA4000D6364 /* Products */;
			projectDirPath = "";
			projectRoot = "";
			targets = (
				B444D2C824920EA4000D6364 /* IndexTable */,
				B444D2E324920EA6000D6364 /* IndexTableTests */,
				B444D2EE24920EA6000D6364 /* IndexTableUITests */,
			);
		};
/* End PBXProject section */

/* Begin PBXResourcesBuildPhase section */
		B444D2C724920EA4000D6364 /* Resources */ = {
			isa = PBXResourcesBuildPhase;
			buildActionMask = 2147483647;
			files = (
				B444D2DC24920EA6000D6364 /* LaunchScreen.storyboard in Resources */,
				B444D2D924920EA6000D6364 /* Assets.xcassets in Resources */,
				B444D2D724920EA4000D6364 /* Main.storyboard in Resources */,
				B444D30224920F0B000D6364 /* team_dictionary.plist in Resources */,
			);
			runOnlyForDeploymentPostprocessing = 0;
		};
		B444D2E224920EA6000D6364 /* Resources */ = {
			isa = PBXResourcesBuildPhase;
			buildActionMask = 2147483647;
			files = (
			);
			runOnlyForDeploymentPostprocessing = 0;
		};
		B444D2ED24920EA6000D6364 /* Resources */ = {
			isa = PBXResourcesBuildPhase;
			buildActionMask = 2147483647;
			files = (
			);
			runOnlyForDeploymentPostprocessing = 0;
		};
/* End PBXResourcesBuildPhase section */

/* Begin PBXSourcesBuildPhase section */
		B444D2C524920EA4000D6364 /* Sources */ = {
			isa = PBXSourcesBuildPhase;
			buildActionMask = 2147483647;
			files = (
				B444D2D424920EA4000D6364 /* ViewController.m in Sources */,
				B444D2CE24920EA4000D6364 /* AppDelegate.m in Sources */,
				B444D2DF24920EA6000D6364 /* main.m in Sources */,
				B444D2D124920EA4000D6364 /* SceneDelegate.m in Sources */,
			);
			runOnlyForDeploymentPostprocessing = 0;
		};
		B444D2E024920EA6000D6364 /* Sources */ = {
			isa = PBXSourcesBuildPhase;
			buildActionMask = 2147483647;
			files = (
				B444D2E924920EA6000D6364 /* IndexTableTests.m in Sources */,
			);
			runOnlyForDeploymentPostprocessing = 0;
		};
		B444D2EB24920EA6000D6364 /* Sources */ = {
			isa = PBXSourcesBuildPhase;
			buildActionMask = 2147483647;
			files = (
				B444D2F424920EA6000D6364 /* IndexTableUITests.m in Sources */,
			);
			runOnlyForDeploymentPostprocessing = 0;
		};
/* End PBXSourcesBuildPhase section */

/* Begin PBXTargetDependency section */
		B444D2E624920EA6000D6364 /* PBXTargetDependency */ = {
			isa = PBXTargetDependency;
			target = B444D2C824920EA4000D6364 /* IndexTable */;
			targetProxy = B444D2E524920EA6000D6364 /* PBXContainerItemProxy */;
		};
		B444D2F124920EA6000D6364 /* PBXTargetDependency */ = {
			isa = PBXTargetDependency;
			target = B444D2C824920EA4000D6364 /* IndexTable */;
			targetProxy = B444D2F024920EA6000D6364 /* PBXContainerItemProxy */;
		};
/* End PBXTargetDependency section */

/* Begin PBXVariantGroup section */
		B444D2D524920EA4000D6364 /* Main.storyboard */ = {
			isa = PBXVariantGroup;
			children = (
				B444D2D624920EA4000D6364 /* Base */,
			);
			name = Main.storyboard;
			sourceTree = "<group>";
		};
		B444D2DA24920EA6000D6364 /* LaunchScreen.storyboard */ = {
			isa = PBXVariantGroup;
			children = (
				B444D2DB24920EA6000D6364 /* Base */,
			);
			name = LaunchScreen.storyboard;
			sourceTree = "<group>";
		};
/* End PBXVariantGroup section */

/* Begin XCBuildConfiguration section */
		B444D2F624920EA6000D6364 /* Debug */ = {
			isa = XCBuildConfiguration;
			buildSettings = {
				ALWAYS_SEARCH_USER_PATHS = NO;
				CLANG_ANALYZER_NONNULL = YES;
				CLANG_ANALYZER_NUMBER_OBJECT_CONVERSION = YES_AGGRESSIVE;
				CLANG_CXX_LANGUAGE_STANDARD = "gnu++14";
				CLANG_CXX_LIBRARY = "libc++";
				CLANG_ENABLE_MODULES = YES;
				CLANG_ENABLE_OBJC_ARC = YES;
				CLANG_ENABLE_OBJC_WEAK = YES;
				CLANG_WARN_BLOCK_CAPTURE_AUTORELEASING = YES;
				CLANG_WARN_BOOL_CONVERSION = YES;
				CLANG_WARN_COMMA = YES;
				CLANG_WARN_CONSTANT_CONVERSION = YES;
				CLANG_WARN_DEPRECATED_OBJC_IMPLEMENTATIONS = YES;
				CLANG_WARN_DIRECT_OBJC_ISA_USAGE = YES_ERROR;
				CLANG_WARN_DOCUMENTATION_COMMENTS = YES;
				CLANG_WARN_EMPTY_BODY = YES;
				CLANG_WARN_ENUM_CONVERSION = YES;
				CLANG_WARN_INFINITE_RECURSION = YES;
				CLANG_WARN_INT_CONVERSION = YES;
				CLANG_WARN_NON_LITERAL_NULL_CONVERSION = YES;
				CLANG_WARN_OBJC_IMPLICIT_RETAIN_SELF = YES;
				CLANG_WARN_OBJC_LITERAL_CONVERSION = YES;
				CLANG_WARN_OBJC_ROOT_CLASS = YES_ERROR;
				CLANG_WARN_RANGE_LOOP_ANALYSIS = YES;
				CLANG_WARN_STRICT_PROTOTYPES = YES;
				CLANG_WARN_SUSPICIOUS_MOVE = YES;
				CLANG_WARN_UNGUARDED_AVAILABILITY = YES_AGGRESSIVE;
				CLANG_WARN_UNREACHABLE_CODE = YES;
				CLANG_WARN__DUPLICATE_METHOD_MATCH = YES;
				COPY_PHASE_STRIP = NO;
				DEBUG_INFORMATION_FORMAT = dwarf;
				ENABLE_STRICT_OBJC_MSGSEND = YES;
				ENABLE_TESTABILITY = YES;
				GCC_C_LANGUAGE_STANDARD = gnu11;
				GCC_DYNAMIC_NO_PIC = NO;
				GCC_NO_COMMON_BLOCKS = YES;
				GCC_OPTIMIZATION_LEVEL = 0;
				GCC_PREPROCESSOR_DEFINITIONS = (
					"DEBUG=1",
					"$(inherited)",
				);
				GCC_WARN_64_TO_32_BIT_CONVERSION = YES;
				GCC_WARN_ABOUT_RETURN_TYPE = YES_ERROR;
				GCC_WARN_UNDECLARED_SELECTOR = YES;
				GCC_WARN_UNINITIALIZED_AUTOS = YES_AGGRESSIVE;
				GCC_WARN_UNUSED_FUNCTION = YES;
				GCC_WARN_UNUSED_VARIABLE = YES;
				IPHONEOS_DEPLOYMENT_TARGET = 13.5;
				MTL_ENABLE_DEBUG_INFO = INCLUDE_SOURCE;
				MTL_FAST_MATH = YES;
				ONLY_ACTIVE_ARCH = YES;
				SDKROOT = iphoneos;
			};
			name = Debug;
		};
		B444D2F724920EA6000D6364 /* Release */ = {
			isa = XCBuildConfiguration;
			buildSettings = {
				ALWAYS_SEARCH_USER_PATHS = NO;
				CLANG_ANALYZER_NONNULL = YES;
				CLANG_ANALYZER_NUMBER_OBJECT_CONVERSION = YES_AGGRESSIVE;
				CLANG_CXX_LANGUAGE_STANDARD = "gnu++14";
				CLANG_CXX_LIBRARY = "libc++";
				CLANG_ENABLE_MODULES = YES;
				CLANG_ENABLE_OBJC_ARC = YES;
				CLANG_ENABLE_OBJC_WEAK = YES;
				CLANG_WARN_BLOCK_CAPTURE_AUTORELEASING = YES;
				CLANG_WARN_BOOL_CONVERSION = YES;
				CLANG_WARN_COMMA = YES;
				CLANG_WARN_CONSTANT_CONVERSION = YES;
				CLANG_WARN_DEPRECATED_OBJC_IMPLEMENTATIONS = YES;
				CLANG_WARN_DIRECT_OBJC_ISA_USAGE = YES_ERROR;
				CLANG_WARN_DOCUMENTATION_COMMENTS = YES;
				CLANG_WARN_EMPTY_BODY = YES;
				CLANG_WARN_ENUM_CONVERSION = YES;
				CLANG_WARN_INFINITE_RECURSION = YES;
				CLANG_WARN_INT_CONVERSION = YES;
				CLANG_WARN_NON_LITERAL_NULL_CONVERSION = YES;
				CLANG_WARN_OBJC_IMPLICIT_RETAIN_SELF = YES;
				CLANG_WARN_OBJC_LITERAL_CONVERSION = YES;
				CLANG_WARN_OBJC_ROOT_CLASS = YES_ERROR;
				CLANG_WARN_RANGE_LOOP_ANALYSIS = YES;
				CLANG_WARN_STRICT_PROTOTYPES = YES;
				CLANG_WARN_SUSPICIOUS_MOVE = YES;
				CLANG_WARN_UNGUARDED_AVAILABILITY = YES_AGGRESSIVE;
				CLANG_WARN_UNREACHABLE_CODE = YES;
				CLANG_WARN__DUPLICATE_METHOD_MATCH = YES;
				COPY_PHASE_STRIP = NO;
				DEBUG_INFORMATION_FORMAT = "dwarf-with-dsym";
				ENABLE_NS_ASSERTIONS = NO;
				ENABLE_STRICT_OBJC_MSGSEND = YES;
				GCC_C_LANGUAGE_STANDARD = gnu11;
				GCC_NO_COMMON_BLOCKS = YES;
				GCC_WARN_64_TO_32_BIT_CONVERSION = YES;
				GCC_WARN_ABOUT_RETURN_TYPE = YES_ERROR;
				GCC_WARN_UNDECLARED_SELECTOR = YES;
				GCC_WARN_UNINITIALIZED_AUTOS = YES_AGGRESSIVE;
				GCC_WARN_UNUSED_FUNCTION = YES;
				GCC_WARN_UNUSED_VARIABLE = YES;
				IPHONEOS_DEPLOYMENT_TARGET = 13.5;
				MTL_ENABLE_DEBUG_INFO = NO;
				MTL_FAST_MATH = YES;
				SDKROOT = iphoneos;
				VALIDATE_PRODUCT = YES;
			};
			name = Release;
		};
		B444D2F924920EA6000D6364 /* Debug */ = {
			isa = XCBuildConfiguration;
			buildSettings = {
				ASSETCATALOG_COMPILER_APPICON_NAME = AppIcon;
				CODE_SIGN_STYLE = Automatic;
				INFOPLIST_FILE = IndexTable/Info.plist;
				LD_RUNPATH_SEARCH_PATHS = (
					"$(inherited)",
					"@executable_path/Frameworks",
				);
				PRODUCT_BUNDLE_IDENTIFIER = com.professordeng.IndexTable;
				PRODUCT_NAME = "$(TARGET_NAME)";
				TARGETED_DEVICE_FAMILY = "1,2";
			};
			name = Debug;
		};
		B444D2FA24920EA6000D6364 /* Release */ = {
			isa = XCBuildConfiguration;
			buildSettings = {
				ASSETCATALOG_COMPILER_APPICON_NAME = AppIcon;
				CODE_SIGN_STYLE = Automatic;
				INFOPLIST_FILE = IndexTable/Info.plist;
				LD_RUNPATH_SEARCH_PATHS = (
					"$(inherited)",
					"@executable_path/Frameworks",
				);
				PRODUCT_BUNDLE_IDENTIFIER = com.professordeng.IndexTable;
				PRODUCT_NAME = "$(TARGET_NAME)";
				TARGETED_DEVICE_FAMILY = "1,2";
			};
			name = Release;
		};
		B444D2FC24920EA6000D6364 /* Debug */ = {
			isa = XCBuildConfiguration;
			buildSettings = {
				BUNDLE_LOADER = "$(TEST_HOST)";
				CODE_SIGN_STYLE = Automatic;
				INFOPLIST_FILE = IndexTableTests/Info.plist;
				IPHONEOS_DEPLOYMENT_TARGET = 13.5;
				LD_RUNPATH_SEARCH_PATHS = (
					"$(inherited)",
					"@executable_path/Frameworks",
					"@loader_path/Frameworks",
				);
				PRODUCT_BUNDLE_IDENTIFIER = com.professordeng.IndexTableTests;
				PRODUCT_NAME = "$(TARGET_NAME)";
				TARGETED_DEVICE_FAMILY = "1,2";
				TEST_HOST = "$(BUILT_PRODUCTS_DIR)/IndexTable.app/IndexTable";
			};
			name = Debug;
		};
		B444D2FD24920EA6000D6364 /* Release */ = {
			isa = XCBuildConfiguration;
			buildSettings = {
				BUNDLE_LOADER = "$(TEST_HOST)";
				CODE_SIGN_STYLE = Automatic;
				INFOPLIST_FILE = IndexTableTests/Info.plist;
				IPHONEOS_DEPLOYMENT_TARGET = 13.5;
				LD_RUNPATH_SEARCH_PATHS = (
					"$(inherited)",
					"@executable_path/Frameworks",
					"@loader_path/Frameworks",
				);
				PRODUCT_BUNDLE_IDENTIFIER = com.professordeng.IndexTableTests;
				PRODUCT_NAME = "$(TARGET_NAME)";
				TARGETED_DEVICE_FAMILY = "1,2";
				TEST_HOST = "$(BUILT_PRODUCTS_DIR)/IndexTable.app/IndexTable";
			};
			name = Release;
		};
		B444D2FF24920EA6000D6364 /* Debug */ = {
			isa = XCBuildConfiguration;
			buildSettings = {
				CODE_SIGN_STYLE = Automatic;
				INFOPLIST_FILE = IndexTableUITests/Info.plist;
				LD_RUNPATH_SEARCH_PATHS = (
					"$(inherited)",
					"@executable_path/Frameworks",
					"@loader_path/Frameworks",
				);
				PRODUCT_BUNDLE_IDENTIFIER = com.professordeng.IndexTableUITests;
				PRODUCT_NAME = "$(TARGET_NAME)";
				TARGETED_DEVICE_FAMILY = "1,2";
				TEST_TARGET_NAME = IndexTable;
			};
			name = Debug;
		};
		B444D30024920EA6000D6364 /* Release */ = {
			isa = XCBuildConfiguration;
			buildSettings = {
				CODE_SIGN_STYLE = Automatic;
				INFOPLIST_FILE = IndexTableUITests/Info.plist;
				LD_RUNPATH_SEARCH_PATHS = (
					"$(inherited)",
					"@executable_path/Frameworks",
					"@loader_path/Frameworks",
				);
				PRODUCT_BUNDLE_IDENTIFIER = com.professordeng.IndexTableUITests;
				PRODUCT_NAME = "$(TARGET_NAME)";
				TARGETED_DEVICE_FAMILY = "1,2";
				TEST_TARGET_NAME = IndexTable;
			};
			name = Release;
		};
/* End XCBuildConfiguration section */

/* Begin XCConfigurationList section */
		B444D2C424920EA4000D6364 /* Build configuration list for PBXProject "IndexTable" */ = {
			isa = XCConfigurationList;
			buildConfigurations = (
				B444D2F624920EA6000D6364 /* Debug */,
				B444D2F724920EA6000D6364 /* Release */,
			);
			defaultConfigurationIsVisible = 0;
			defaultConfigurationName = Release;
		};
		B444D2F824920EA6000D6364 /* Build configuration list for PBXNativeTarget "IndexTable" */ = {
			isa = XCConfigurationList;
			buildConfigurations = (
				B444D2F924920EA6000D6364 /* Debug */,
				B444D2FA24920EA6000D6364 /* Release */,
			);
			defaultConfigurationIsVisible = 0;
			defaultConfigurationName = Release;
		};
		B444D2FB24920EA6000D6364 /* Build configuration list for PBXNativeTarget "IndexTableTests" */ = {
			isa = XCConfigurationList;
			buildConfigurations = (
				B444D2FC24920EA6000D6364 /* Debug */,
				B444D2FD24920EA6000D6364 /* Release */,
			);
			defaultConfigurationIsVisible = 0;
			defaultConfigurationName = Release;
		};
		B444D2FE24920EA6000D6364 /* Build configuration list for PBXNativeTarget "IndexTableUITests" */ = {
			isa = XCConfigurationList;
			buildConfigurations = (
				B444D2FF24920EA6000D6364 /* Debug */,
				B444D30024920EA6000D6364 /* Release */,
			);
			defaultConfigurationIsVisible = 0;
			defaultConfigurationName = Release;
		};
/* End XCConfigurationList section */
	};
	rootObject = B444D2C124920EA4000D6364 /* Project object */;
}
